
Microsoft Visual Studio Solution File, Format Version 12.00
# Visual Studio Version 16
VisualStudioVersion = 16.0.28902.138
MinimumVisualStudioVersion = 10.0.40219.1
Project("{FAE04EC0-301F-11D3-BF4B-00C04F79EFBC}") = "Gestor de Sistema", "Gestor de Sistema.csproj", "{CF7B143D-EED2-445E-ADC3-58AB8CD49F13}"
EndProject
Global
	GlobalSection(SolutionConfigurationPlatforms) = preSolution
		Debug|Any CPU = Debug|Any CPU
		Release|Any CPU = Release|Any CPU
	EndGlobalSection
	GlobalSection(ProjectConfigurationPlatforms) = postSolution
		{CF7B143D-EED2-445E-ADC3-58AB8CD49F13}.Debug|Any CPU.ActiveCfg = Debug|Any CPU
		{CF7B143D-EED2-445E-ADC3-58AB8CD49F13}.Debug|Any CPU.Build.0 = Debug|Any CPU
		{CF7B143D-EED2-445E-ADC3-58AB8CD49F13}.Release|Any CPU.ActiveCfg = Release|Any CPU
		{CF7B143D-EED2-445E-ADC3-58AB8CD49F13}.Release|Any CPU.Build.0 = Release|Any CPU
	EndGlobalSection
	GlobalSection(SolutionProperties) = preSolution
		HideSolutionNode = FALSE
	EndGlobalSection
	GlobalSection(ExtensibilityGlobals) = postSolution
		SolutionGuid = {235D40A1-A653-42D2-ACBF-B18C5BCD6DEB}
	EndGlobalSection
EndGlobal
